{
  "name": "loosevsstrictequalityperformance",
  "version": "1.0.0",
  "lockfileVersion": 1,
  "requires": true,
  "dependencies": {
    "microseconds": {
      "version": "0.2.0",
      "resolved": "https://registry.npmjs.org/microseconds/-/microseconds-0.2.0.tgz",
      "integrity": "sha512-n7DHHMjR1avBbSpsTBj6fmMGh2AGrifVV4e+WYc3Q9lO+xnSZ3NyhcBND3vzzatt05LFhoKFRxrIyklmLlUtyA=="
    }
  }
}
